
Microsoft Visual Studio Solution File, Format Version 12.00
# Visual Studio Version 16
VisualStudioVersion = 16.0.30114.105
MinimumVisualStudioVersion = 10.0.40219.1
Project("{FAE04EC0-301F-11D3-BF4B-00C04F79EFBC}") = "UrlShortenService", "UrlShortenService\UrlShortenService.csproj", "{EEA50DA8-332B-4F6C-98A8-B4301627EFAC}"
EndProject
Global
	GlobalSection(SolutionConfigurationPlatforms) = preSolution
		Debug|Any CPU = Debug|Any CPU
		Release|Any CPU = Release|Any CPU
	EndGlobalSection
	GlobalSection(ProjectConfigurationPlatforms) = postSolution
		{EEA50DA8-332B-4F6C-98A8-B4301627EFAC}.Debug|Any CPU.ActiveCfg = Debug|Any CPU
		{EEA50DA8-332B-4F6C-98A8-B4301627EFAC}.Debug|Any CPU.Build.0 = Debug|Any CPU
		{EEA50DA8-332B-4F6C-98A8-B4301627EFAC}.Release|Any CPU.ActiveCfg = Release|Any CPU
		{EEA50DA8-332B-4F6C-98A8-B4301627EFAC}.Release|Any CPU.Build.0 = Release|Any CPU
	EndGlobalSection
	GlobalSection(SolutionProperties) = preSolution
		HideSolutionNode = FALSE
	EndGlobalSection
	GlobalSection(ExtensibilityGlobals) = postSolution
		SolutionGuid = {747DEC17-F3EF-4523-B1FF-781520FDE2AC}
	EndGlobalSection
EndGlobal
